
Microsoft Visual Studio Solution File, Format Version 12.00
# Visual Studio Version 17
VisualStudioVersion = 17.5.002.0
MinimumVisualStudioVersion = 10.0.40219.1
Project("{9A19103F-16F7-4668-BE54-9A1E7A4F7556}") = "QuickPay", "QuickPay\QuickPay.csproj", "{7EB444F9-9608-499A-9FEF-8914855D7826}"
EndProject
Global
	GlobalSection(SolutionConfigurationPlatforms) = preSolution
		Debug|Any CPU = Debug|Any CPU
		Release|Any CPU = Release|Any CPU
	EndGlobalSection
	GlobalSection(ProjectConfigurationPlatforms) = postSolution
		{7EB444F9-9608-499A-9FEF-8914855D7826}.Debug|Any CPU.ActiveCfg = Debug|Any CPU
		{7EB444F9-9608-499A-9FEF-8914855D7826}.Debug|Any CPU.Build.0 = Debug|Any CPU
		{7EB444F9-9608-499A-9FEF-8914855D7826}.Release|Any CPU.ActiveCfg = Release|Any CPU
		{7EB444F9-9608-499A-9FEF-8914855D7826}.Release|Any CPU.Build.0 = Release|Any CPU
	EndGlobalSection
	GlobalSection(SolutionProperties) = preSolution
		HideSolutionNode = FALSE
	EndGlobalSection
	GlobalSection(ExtensibilityGlobals) = postSolution
		SolutionGuid = {0905DB5A-8FFC-4706-AD47-D10477CEE4CB}
	EndGlobalSection
EndGlobal
